{
  "object": {
    "pins": [
      {
        "package": "swift-nio",
        "repositoryURL": "https://github.com/apple/swift-nio.git",
        "state": {
          "branch": null,
          "revision": "2bae395344d41710dffab456265d534d7dc34ab8",
          "version": "2.25.0"
        }
      }
    ]
  },
  "version": 1
}
